// !$*UTF8*$!
{
 archiveVersion = 1;
 classes = {};
 objectVersion = 77;
 objects = {
/* Begin PBXBuildFile section */
  A10000010000000000000001 /* HindPharmaApp.swift in Sources */ = {isa = PBXBuildFile; fileRef = A20000010000000000000001; };
  A10000020000000000000002 /* HomeView.swift in Sources */ = {isa = PBXBuildFile; fileRef = A20000020000000000000002; };
  A10000030000000000000003 /* HomeViewModel.swift in Sources */ = {isa = PBXBuildFile; fileRef = A20000030000000000000003; };
  A10000040000000000000004 /* AppModels.swift in Sources */ = {isa = PBXBuildFile; fileRef = A20000040000000000000004; };
  A10000050000000000000005 /* AppConfig.swift in Sources */ = {isa = PBXBuildFile; fileRef = A20000050000000000000005; };
  A10000060000000000000006 /* ApiClient.swift in Sources */ = {isa = PBXBuildFile; fileRef = A20000060000000000000006; };
  A10000070000000000000007 /* DailyCallingView.swift in Sources */ = {isa = PBXBuildFile; fileRef = A20000070000000000000007; };
  A10000080000000000000008 /* DailyCallingViewModel.swift in Sources */ = {isa = PBXBuildFile; fileRef = A20000080000000000000008; };
  A10000090000000000000009 /* MedicalListView.swift in Sources */ = {isa = PBXBuildFile; fileRef = A20000090000000000000009; };
  A10000100000000000000010 /* MedicalListViewModel.swift in Sources */ = {isa = PBXBuildFile; fileRef = A20000100000000000000010; };
/* End PBXBuildFile section */
/* Begin PBXFileReference section */
  A20000000000000000000000 /* HindPharmaApp.app */ = {isa = PBXFileReference; explicitFileType = wrapper.application; includeInIndex = 0; path = HindPharmaApp.app; sourceTree = BUILT_PRODUCTS_DIR; };
  A20000010000000000000001 /* HindPharmaApp.swift */ = {isa = PBXFileReference; lastKnownFileType = sourcecode.swift; path = HindPharmaApp.swift; sourceTree = "<group>"; };
  A20000020000000000000002 /* HomeView.swift */ = {isa = PBXFileReference; lastKnownFileType = sourcecode.swift; path = HomeView.swift; sourceTree = "<group>"; };
  A20000030000000000000003 /* HomeViewModel.swift */ = {isa = PBXFileReference; lastKnownFileType = sourcecode.swift; path = HomeViewModel.swift; sourceTree = "<group>"; };
  A20000040000000000000004 /* AppModels.swift */ = {isa = PBXFileReference; lastKnownFileType = sourcecode.swift; path = AppModels.swift; sourceTree = "<group>"; };
  A20000050000000000000005 /* AppConfig.swift */ = {isa = PBXFileReference; lastKnownFileType = sourcecode.swift; path = AppConfig.swift; sourceTree = "<group>"; };
  A20000060000000000000006 /* ApiClient.swift */ = {isa = PBXFileReference; lastKnownFileType = sourcecode.swift; path = ApiClient.swift; sourceTree = "<group>"; };
  A20000070000000000000007 /* DailyCallingView.swift */ = {isa = PBXFileReference; lastKnownFileType = sourcecode.swift; path = DailyCallingView.swift; sourceTree = "<group>"; };
  A20000080000000000000008 /* DailyCallingViewModel.swift */ = {isa = PBXFileReference; lastKnownFileType = sourcecode.swift; path = DailyCallingViewModel.swift; sourceTree = "<group>"; };
  A20000090000000000000009 /* MedicalListView.swift */ = {isa = PBXFileReference; lastKnownFileType = sourcecode.swift; path = MedicalListView.swift; sourceTree = "<group>"; };
  A20000100000000000000010 /* MedicalListViewModel.swift */ = {isa = PBXFileReference; lastKnownFileType = sourcecode.swift; path = MedicalListViewModel.swift; sourceTree = "<group>"; };
/* End PBXFileReference section */
/* Begin PBXFrameworksBuildPhase section */
  A30000010000000000000001 /* Frameworks */ = {isa = PBXFrameworksBuildPhase; buildActionMask = 2147483647; files = (); runOnlyForDeploymentPostprocessing = 0; };
/* End PBXFrameworksBuildPhase section */
/* Begin PBXGroup section */
  A40000000000000000000000 = {isa = PBXGroup; children = (A40000010000000000000001, A40000090000000000000009); sourceTree = "<group>"; };
  A40000010000000000000001 /* HindPharmaApp */ = {isa = PBXGroup; children = (A20000010000000000000001, A40000020000000000000002, A40000030000000000000003, A40000040000000000000004, A40000050000000000000005); path = HindPharmaApp; sourceTree = "<group>"; };
  A40000020000000000000002 /* View */ = {isa = PBXGroup; children = (A20000020000000000000002, A20000070000000000000007, A20000090000000000000009); path = View; sourceTree = "<group>"; };
  A40000030000000000000003 /* ViewModel */ = {isa = PBXGroup; children = (A20000030000000000000003, A20000080000000000000008, A20000100000000000000010); path = ViewModel; sourceTree = "<group>"; };
  A40000040000000000000004 /* Models */ = {isa = PBXGroup; children = (A20000040000000000000004); path = Models; sourceTree = "<group>"; };
  A40000050000000000000005 /* Helper */ = {isa = PBXGroup; children = (A20000050000000000000005, A20000060000000000000006); path = Helper; sourceTree = "<group>"; };
  A40000090000000000000009 /* Products */ = {isa = PBXGroup; children = (A20000000000000000000000); name = Products; sourceTree = "<group>"; };
/* End PBXGroup section */
/* Begin PBXNativeTarget section */
  A50000010000000000000001 /* HindPharmaApp */ = {isa = PBXNativeTarget; buildConfigurationList = A70000020000000000000002; buildPhases = (A30000020000000000000002, A30000010000000000000001, A30000030000000000000003); buildRules = (); dependencies = (); name = HindPharmaApp; productName = HindPharmaApp; productReference = A20000000000000000000000; productType = "com.apple.product-type.application"; };
/* End PBXNativeTarget section */
/* Begin PBXProject section */
  A60000010000000000000001 /* Project object */ = {isa = PBXProject; attributes = {LastUpgradeCheck = 2700; TargetAttributes = {A50000010000000000000001 = {CreatedOnToolsVersion = 27.0;};};}; buildConfigurationList = A70000010000000000000001; compatibilityVersion = "Xcode 15.0"; developmentRegion = en; hasScannedForEncodings = 0; knownRegions = (en, Base); mainGroup = A40000000000000000000000; productRefGroup = A40000090000000000000009; projectDirPath = ""; projectRoot = ""; targets = (A50000010000000000000001); };
/* End PBXProject section */
/* Begin PBXResourcesBuildPhase section */
  A30000030000000000000003 /* Resources */ = {isa = PBXResourcesBuildPhase; buildActionMask = 2147483647; files = (); runOnlyForDeploymentPostprocessing = 0; };
/* End PBXResourcesBuildPhase section */
/* Begin PBXSourcesBuildPhase section */
  A30000020000000000000002 /* Sources */ = {isa = PBXSourcesBuildPhase; buildActionMask = 2147483647; files = (A10000010000000000000001, A10000020000000000000002, A10000030000000000000003, A10000040000000000000004, A10000050000000000000005, A10000060000000000000006, A10000070000000000000007, A10000080000000000000008, A10000090000000000000009, A10000100000000000000010); runOnlyForDeploymentPostprocessing = 0; };
/* End PBXSourcesBuildPhase section */
/* Begin XCBuildConfiguration section */
  A80000010000000000000001 /* Debug */ = {isa = XCBuildConfiguration; buildSettings = {ALWAYS_SEARCH_USER_PATHS = NO; CLANG_ENABLE_MODULES = YES; SWIFT_VERSION = 6.0; IPHONEOS_DEPLOYMENT_TARGET = 18.0;}; name = Debug;};
  A80000020000000000000002 /* Release */ = {isa = XCBuildConfiguration; buildSettings = {ALWAYS_SEARCH_USER_PATHS = NO; CLANG_ENABLE_MODULES = YES; SWIFT_VERSION = 6.0; IPHONEOS_DEPLOYMENT_TARGET = 18.0;}; name = Release;};
  A80000030000000000000003 /* Debug */ = {isa = XCBuildConfiguration; buildSettings = {ASSETCATALOG_COMPILER_APPICON_NAME = AppIcon; CODE_SIGN_STYLE = Automatic; GENERATE_INFOPLIST_FILE = YES; INFOPLIST_KEY_CFBundleDisplayName = "Hind Pharma"; IPHONEOS_DEPLOYMENT_TARGET = 18.0; PRODUCT_BUNDLE_IDENTIFIER = com.hindtechgroup.hindpharma; PRODUCT_NAME = "$(TARGET_NAME)"; SWIFT_VERSION = 6.0;}; name = Debug;};
  A80000040000000000000004 /* Release */ = {isa = XCBuildConfiguration; buildSettings = {ASSETCATALOG_COMPILER_APPICON_NAME = AppIcon; CODE_SIGN_STYLE = Automatic; GENERATE_INFOPLIST_FILE = YES; INFOPLIST_KEY_CFBundleDisplayName = "Hind Pharma"; IPHONEOS_DEPLOYMENT_TARGET = 18.0; PRODUCT_BUNDLE_IDENTIFIER = com.hindtechgroup.hindpharma; PRODUCT_NAME = "$(TARGET_NAME)"; SWIFT_VERSION = 6.0;}; name = Release;};
/* End XCBuildConfiguration section */
/* Begin XCConfigurationList section */
  A70000010000000000000001 /* Build configuration list for PBXProject "HindPharmaApp" */ = {isa = XCConfigurationList; buildConfigurations = (A80000010000000000000001, A80000020000000000000002); defaultConfigurationIsVisible = 0; defaultConfigurationName = Release;};
  A70000020000000000000002 /* Build configuration list for PBXNativeTarget "HindPharmaApp" */ = {isa = XCConfigurationList; buildConfigurations = (A80000030000000000000003, A80000040000000000000004); defaultConfigurationIsVisible = 0; defaultConfigurationName = Release;};
/* End XCConfigurationList section */
 };
 rootObject = A60000010000000000000001;
}
